
Microsoft Visual Studio Solution File, Format Version 12.00
Project("{FAE04EC0-301F-11D3-BF4B-00C04F79EFBC}") = "RuiSharp01", "RuiSharp01\RuiSharp01.csproj", "{713A9477-A52C-4734-BDD7-4C009C24EBE5}"
EndProject
Global
	GlobalSection(SolutionConfigurationPlatforms) = preSolution
		Debug|Any CPU = Debug|Any CPU
		Release|Any CPU = Release|Any CPU
	EndGlobalSection
	GlobalSection(ProjectConfigurationPlatforms) = postSolution
		{713A9477-A52C-4734-BDD7-4C009C24EBE5}.Debug|Any CPU.ActiveCfg = Debug|Any CPU
		{713A9477-A52C-4734-BDD7-4C009C24EBE5}.Debug|Any CPU.Build.0 = Debug|Any CPU
		{713A9477-A52C-4734-BDD7-4C009C24EBE5}.Release|Any CPU.ActiveCfg = Release|Any CPU
		{713A9477-A52C-4734-BDD7-4C009C24EBE5}.Release|Any CPU.Build.0 = Release|Any CPU
	EndGlobalSection
EndGlobal
